// !$*UTF8*$!
{
	archiveVersion = 1;
	classes = {
	};
	objectVersion = 46;
	objects = {

/* Begin PBXBuildFile section */
		4B6263A01C6F649D000861BA /* AppDelegate.swift in Sources */ = {isa = PBXBuildFile; fileRef = 4B62639F1C6F649D000861BA /* AppDelegate.swift */; };
		4B6263A21C6F649D000861BA /* ViewController.swift in Sources */ = {isa = PBXBuildFile; fileRef = 4B6263A11C6F649D000861BA /* ViewController.swift */; };
		4B6263A51C6F649D000861BA /* Main.storyboard in Resources */ = {isa = PBXBuildFile; fileRef = 4B6263A31C6F649D000861BA /* Main.storyboard */; };
		4B6263A71C6F649D000861BA /* Assets.xcassets in Resources */ = {isa = PBXBuildFile; fileRef = 4B6263A61C6F649D000861BA /* Assets.xcassets */; };
		4B6263AA1C6F649D000861BA /* LaunchScreen.storyboard in Resources */ = {isa = PBXBuildFile; fileRef = 4B6263A81C6F649D000861BA /* LaunchScreen.storyboard */; };
/* End PBXBuildFile section */

/* Begin PBXFileReference section */
		4B62639C1C6F649D000861BA /* madame2.app */ = {isa = PBXFileReference; explicitFileType = wrapper.application; includeInIndex = 0; path = madame2.app; sourceTree = BUILT_PRODUCTS_DIR; };
		4B62639F1C6F649D000861BA /* AppDelegate.swift */ = {isa = PBXFileReference; lastKnownFileType = sourcecode.swift; path = AppDelegate.swift; sourceTree = "<group>"; };
		4B6263A11C6F649D000861BA /* ViewController.swift */ = {isa = PBXFileReference; lastKnownFileType = sourcecode.swift; path = ViewController.swift; sourceTree = "<group>"; };
		4B6263A41C6F649D000861BA /* Base */ = {isa = PBXFileReference; lastKnownFileType = file.storyboard; name = Base; path = Base.lproj/Main.storyboard; sourceTree = "<group>"; };
		4B6263A61C6F649D000861BA /* Assets.xcassets */ = {isa = PBXFileReference; lastKnownFileType = folder.assetcatalog; path = Assets.xcassets; sourceTree = "<group>"; };
		4B6263A91C6F649D000861BA /* Base */ = {isa = PBXFileReference; lastKnownFileType = file.storyboard; name = Base; path = Base.lproj/LaunchScreen.storyboard; sourceTree = "<group>"; };
		4B6263AB1C6F649D000861BA /* Info.plist */ = {isa = PBXFileReference; lastKnownFileType = text.plist.xml; path = Info.plist; sourceTree = "<group>"; };
/* End PBXFileReference section */

/* Begin PBXFrameworksBuildPhase section */
		4B6263991C6F649D000861BA /* Frameworks */ = {
			isa = PBXFrameworksBuildPhase;
			buildActionMask = 2147483647;
			files = (
			);
			runOnlyForDeploymentPostprocessing = 0;
		};
/* End PBXFrameworksBuildPhase section */

/* Begin PBXGroup section */
		4B6263931C6F649C000861BA = {
			isa = PBXGroup;
			children = (
				4B62639E1C6F649D000861BA /* madame2 */,
				4B62639D1C6F649D000861BA /* Products */,
			);
			sourceTree = "<group>";
		};
		4B62639D1C6F649D000861BA /* Products */ = {
			isa = PBXGroup;
			children = (
				4B62639C1C6F649D000861BA /* madame2.app */,
			);
			name = Products;
			sourceTree = "<group>";
		};
		4B62639E1C6F649D000861BA /* madame2 */ = {
			isa = PBXGroup;
			children = (
				4B62639F1C6F649D000861BA /* AppDelegate.swift */,
				4B6263A11C6F649D000861BA /* ViewController.swift */,
				4B6263A31C6F649D000861BA /* Main.storyboard */,
				4B6263A61C6F649D000861BA /* Assets.xcassets */,
				4B6263A81C6F649D000861BA /* LaunchScreen.storyboard */,
				4B6263AB1C6F649D000861BA /* Info.plist */,
			);
			path = madame2;
			sourceTree = "<group>";
		};
/* End PBXGroup section */

/* Begin PBXNativeTarget section */
		4B62639B1C6F649D000861BA /* madame2 */ = {
			isa = PBXNativeTarget;
			buildConfigurationList = 4B6263AE1C6F649D000861BA /* Build configuration list for PBXNativeTarget "madame2" */;
			buildPhases = (
				4B6263981C6F649D000861BA /* Sources */,
				4B6263991C6F649D000861BA /* Frameworks */,
				4B62639A1C6F649D000861BA /* Resources */,
			);
			buildRules = (
			);
			dependencies = (
			);
			name = madame2;
			productName = madame2;
			productReference = 4B62639C1C6F649D000861BA /* madame2.app */;
			productType = "com.apple.product-type.application";
		};
/* End PBXNativeTarget section */

/* Begin PBXProject section */
		4B6263941C6F649C000861BA /* Project object */ = {
			isa = PBXProject;
			attributes = {
				LastSwiftUpdateCheck = 0720;
				LastUpgradeCheck = 0720;
				ORGANIZATIONNAME = "Larisa Barbu";
				TargetAttributes = {
					4B62639B1C6F649D000861BA = {
						CreatedOnToolsVersion = 7.2.1;
					};
				};
			};
			buildConfigurationList = 4B6263971C6F649D000861BA /* Build configuration list for PBXProject "madame2" */;
			compatibilityVersion = "Xcode 3.2";
			developmentRegion = English;
			hasScannedForEncodings = 0;
			knownRegions = (
				en,
				Base,
			);
			mainGroup = 4B6263931C6F649C000861BA;
			productRefGroup = 4B62639D1C6F649D000861BA /* Products */;
			projectDirPath = "";
			projectRoot = "";
			targets = (
				4B62639B1C6F649D000861BA /* madame2 */,
			);
		};
/* End PBXProject section */

/* Begin PBXResourcesBuildPhase section */
		4B62639A1C6F649D000861BA /* Resources */ = {
			isa = PBXResourcesBuildPhase;
			buildActionMask = 2147483647;
			files = (
				4B6263AA1C6F649D000861BA /* LaunchScreen.storyboard in Resources */,
				4B6263A71C6F649D000861BA /* Assets.xcassets in Resources */,
				4B6263A51C6F649D000861BA /* Main.storyboard in Resources */,
			);
			runOnlyForDeploymentPostprocessing = 0;
		};
/* End PBXResourcesBuildPhase section */

/* Begin PBXSourcesBuildPhase section */
		4B6263981C6F649D000861BA /* Sources */ = {
			isa = PBXSourcesBuildPhase;
			buildActionMask = 2147483647;
			files = (
				4B6263A21C6F649D000861BA /* ViewController.swift in Sources */,
				4B6263A01C6F649D000861BA /* AppDelegate.swift in Sources */,
			);
			runOnlyForDeploymentPostprocessing = 0;
		};
/* End PBXSourcesBuildPhase section */

/* Begin PBXVariantGroup section */
		4B6263A31C6F649D000861BA /* Main.storyboard */ = {
			isa = PBXVariantGroup;
			children = (
				4B6263A41C6F649D000861BA /* Base */,
			);
			name = Main.storyboard;
			sourceTree = "<group>";
		};
		4B6263A81C6F649D000861BA /* LaunchScreen.storyboard */ = {
			isa = PBXVariantGroup;
			children = (
				4B6263A91C6F649D000861BA /* Base */,
			);
			name = LaunchScreen.storyboard;
			sourceTree = "<group>";
		};
/* End PBXVariantGroup section */

/* Begin XCBuildConfiguration section */
		4B6263AC1C6F649D000861BA /* Debug */ = {
			isa = XCBuildConfiguration;
			buildSettings = {
				ALWAYS_SEARCH_USER_PATHS = NO;
				CLANG_CXX_LANGUAGE_STANDARD = "gnu++0x";
				CLANG_CXX_LIBRARY = "libc++";
				CLANG_ENABLE_MODULES = YES;
				CLANG_ENABLE_OBJC_ARC = YES;
				CLANG_WARN_BOOL_CONVERSION = YES;
				CLANG_WARN_CONSTANT_CONVERSION = YES;
				CLANG_WARN_DIRECT_OBJC_ISA_USAGE = YES_ERROR;
				CLANG_WARN_EMPTY_BODY = YES;
				CLANG_WARN_ENUM_CONVERSION = YES;
				CLANG_WARN_INT_CONVERSION = YES;
				CLANG_WARN_OBJC_ROOT_CLASS = YES_ERROR;
				CLANG_WARN_UNREACHABLE_CODE = YES;
				CLANG_WARN__DUPLICATE_METHOD_MATCH = YES;
				"CODE_SIGN_IDENTITY[sdk=iphoneos*]" = "iPhone Developer";
				COPY_PHASE_STRIP = NO;
				DEBUG_INFORMATION_FORMAT = dwarf;
				ENABLE_STRICT_OBJC_MSGSEND = YES;
				ENABLE_TESTABILITY = YES;
				GCC_C_LANGUAGE_STANDARD = gnu99;
				GCC_DYNAMIC_NO_PIC = NO;
				GCC_NO_COMMON_BLOCKS = YES;
				GCC_OPTIMIZATION_LEVEL = 0;
				GCC_PREPROCESSOR_DEFINITIONS = (
					"DEBUG=1",
					"$(inherited)",
				);
				GCC_WARN_64_TO_32_BIT_CONVERSION = YES;
				GCC_WARN_ABOUT_RETURN_TYPE = YES_ERROR;
				GCC_WARN_UNDECLARED_SELECTOR = YES;
				GCC_WARN_UNINITIALIZED_AUTOS = YES_AGGRESSIVE;
				GCC_WARN_UNUSED_FUNCTION = YES;
				GCC_WARN_UNUSED_VARIABLE = YES;
				IPHONEOS_DEPLOYMENT_TARGET = 9.2;
				MTL_ENABLE_DEBUG_INFO = YES;
				ONLY_ACTIVE_ARCH = YES;
				SDKROOT = iphoneos;
				SWIFT_OPTIMIZATION_LEVEL = "-Onone";
			};
			name = Debug;
		};
		4B6263AD1C6F649D000861BA /* Release */ = {
			isa = XCBuildConfiguration;
			buildSettings = {
				ALWAYS_SEARCH_USER_PATHS = NO;
				CLANG_CXX_LANGUAGE_STANDARD = "gnu++0x";
				CLANG_CXX_LIBRARY = "libc++";
				CLANG_ENABLE_MODULES = YES;
				CLANG_ENABLE_OBJC_ARC = YES;
				CLANG_WARN_BOOL_CONVERSION = YES;
				CLANG_WARN_CONSTANT_CONVERSION = YES;
				CLANG_WARN_DIRECT_OBJC_ISA_USAGE = YES_ERROR;
				CLANG_WARN_EMPTY_BODY = YES;
				CLANG_WARN_ENUM_CONVERSION = YES;
				CLANG_WARN_INT_CONVERSION = YES;
				CLANG_WARN_OBJC_ROOT_CLASS = YES_ERROR;
				CLANG_WARN_UNREACHABLE_CODE = YES;
				CLANG_WARN__DUPLICATE_METHOD_MATCH = YES;
				"CODE_SIGN_IDENTITY[sdk=iphoneos*]" = "iPhone Developer";
				COPY_PHASE_STRIP = NO;
				DEBUG_INFORMATION_FORMAT = "dwarf-with-dsym";
				ENABLE_NS_ASSERTIONS = NO;
				ENABLE_STRICT_OBJC_MSGSEND = YES;
				GCC_C_LANGUAGE_STANDARD = gnu99;
				GCC_NO_COMMON_BLOCKS = YES;
				GCC_WARN_64_TO_32_BIT_CONVERSION = YES;
				GCC_WARN_ABOUT_RETURN_TYPE = YES_ERROR;
				GCC_WARN_UNDECLARED_SELECTOR = YES;
				GCC_WARN_UNINITIALIZED_AUTOS = YES_AGGRESSIVE;
				GCC_WARN_UNUSED_FUNCTION = YES;
				GCC_WARN_UNUSED_VARIABLE = YES;
				IPHONEOS_DEPLOYMENT_TARGET = 9.2;
				MTL_ENABLE_DEBUG_INFO = NO;
				SDKROOT = iphoneos;
				VALIDATE_PRODUCT = YES;
			};
			name = Release;
		};
		4B6263AF1C6F649D000861BA /* Debug */ = {
			isa = XCBuildConfiguration;
			buildSettings = {
				ASSETCATALOG_COMPILER_APPICON_NAME = AppIcon;
				INFOPLIST_FILE = madame2/Info.plist;
				LD_RUNPATH_SEARCH_PATHS = "$(inherited) @executable_path/Frameworks";
				PRODUCT_BUNDLE_IDENTIFIER = com.madame2.madame2;
				PRODUCT_NAME = "$(TARGET_NAME)";
				TARGETED_DEVICE_FAMILY = 1;
			};
			name = Debug;
		};
		4B6263B01C6F649D000861BA /* Release */ = {
			isa = XCBuildConfiguration;
			buildSettings = {
				ASSETCATALOG_COMPILER_APPICON_NAME = AppIcon;
				INFOPLIST_FILE = madame2/Info.plist;
				LD_RUNPATH_SEARCH_PATHS = "$(inherited) @executable_path/Frameworks";
				PRODUCT_BUNDLE_IDENTIFIER = com.madame2.madame2;
				PRODUCT_NAME = "$(TARGET_NAME)";
				TARGETED_DEVICE_FAMILY = 1;
			};
			name = Release;
		};
/* End XCBuildConfiguration section */

/* Begin XCConfigurationList section */
		4B6263971C6F649D000861BA /* Build configuration list for PBXProject "madame2" */ = {
			isa = XCConfigurationList;
			buildConfigurations = (
				4B6263AC1C6F649D000861BA /* Debug */,
				4B6263AD1C6F649D000861BA /* Release */,
			);
			defaultConfigurationIsVisible = 0;
			defaultConfigurationName = Release;
		};
		4B6263AE1C6F649D000861BA /* Build configuration list for PBXNativeTarget "madame2" */ = {
			isa = XCConfigurationList;
			buildConfigurations = (
				4B6263AF1C6F649D000861BA /* Debug */,
				4B6263B01C6F649D000861BA /* Release */,
			);
			defaultConfigurationIsVisible = 0;
		};
/* End XCConfigurationList section */
	};
	rootObject = 4B6263941C6F649C000861BA /* Project object */;
}
